
Microsoft Visual Studio Solution File, Format Version 12.00
# Visual Studio Version 16
VisualStudioVersion = 16.0.33927.289
MinimumVisualStudioVersion = 10.0.40219.1
Project("{FAE04EC0-301F-11D3-BF4B-00C04F79EFBC}") = "MvcStok", "MvcStok\MvcStok.csproj", "{6137A3E8-FCAC-4C51-A6AA-FAF4B2380FDE}"
EndProject
Global
	GlobalSection(SolutionConfigurationPlatforms) = preSolution
		Debug|Any CPU = Debug|Any CPU
		Release|Any CPU = Release|Any CPU
	EndGlobalSection
	GlobalSection(ProjectConfigurationPlatforms) = postSolution
		{6137A3E8-FCAC-4C51-A6AA-FAF4B2380FDE}.Debug|Any CPU.ActiveCfg = Debug|Any CPU
		{6137A3E8-FCAC-4C51-A6AA-FAF4B2380FDE}.Debug|Any CPU.Build.0 = Debug|Any CPU
		{6137A3E8-FCAC-4C51-A6AA-FAF4B2380FDE}.Release|Any CPU.ActiveCfg = Release|Any CPU
		{6137A3E8-FCAC-4C51-A6AA-FAF4B2380FDE}.Release|Any CPU.Build.0 = Release|Any CPU
	EndGlobalSection
	GlobalSection(SolutionProperties) = preSolution
		HideSolutionNode = FALSE
	EndGlobalSection
	GlobalSection(ExtensibilityGlobals) = postSolution
		SolutionGuid = {0F2A9406-9A6F-45EC-BDA1-69E476E3560A}
	EndGlobalSection
EndGlobal
